
Microsoft Visual Studio Solution File, Format Version 12.00
# Visual Studio Version 16
VisualStudioVersion = 16.0.30804.86
MinimumVisualStudioVersion = 15.0.26124.0
Project("{9A19103F-16F7-4668-BE54-9A1E7A4F7556}") = "Store", "domain\store\Store.csproj", "{C50DE261-C20A-4A1F-819A-B1BA7206DC1A}"
EndProject
Project("{2150E333-8FDC-42A3-9474-1A3956D46DE8}") = "domain", "domain", "{F098203B-3B5D-4E98-B37C-B8D0F51A66E6}"
EndProject
Project("{2150E333-8FDC-42A3-9474-1A3956D46DE8}") = "infrastructure", "infrastructure", "{79795EEF-BDE5-4094-93F0-F748DC4B512E}"
EndProject
Project("{FAE04EC0-301F-11D3-BF4B-00C04F79EFBC}") = "Store.Memory", "infrastructure\Store.Memory\Store.Memory.csproj", "{4FC4F59B-A668-446A-B9FE-C7B04007F681}"
EndProject
Global
	GlobalSection(SolutionConfigurationPlatforms) = preSolution
		Debug|Any CPU = Debug|Any CPU
		Debug|x64 = Debug|x64
		Debug|x86 = Debug|x86
		Release|Any CPU = Release|Any CPU
		Release|x64 = Release|x64
		Release|x86 = Release|x86
	EndGlobalSection
	GlobalSection(ProjectConfigurationPlatforms) = postSolution
		{C50DE261-C20A-4A1F-819A-B1BA7206DC1A}.Debug|Any CPU.ActiveCfg = Debug|Any CPU
		{C50DE261-C20A-4A1F-819A-B1BA7206DC1A}.Debug|Any CPU.Build.0 = Debug|Any CPU
		{C50DE261-C20A-4A1F-819A-B1BA7206DC1A}.Debug|x64.ActiveCfg = Debug|Any CPU
		{C50DE261-C20A-4A1F-819A-B1BA7206DC1A}.Debug|x64.Build.0 = Debug|Any CPU
		{C50DE261-C20A-4A1F-819A-B1BA7206DC1A}.Debug|x86.ActiveCfg = Debug|Any CPU
		{C50DE261-C20A-4A1F-819A-B1BA7206DC1A}.Debug|x86.Build.0 = Debug|Any CPU
		{C50DE261-C20A-4A1F-819A-B1BA7206DC1A}.Release|Any CPU.ActiveCfg = Release|Any CPU
		{C50DE261-C20A-4A1F-819A-B1BA7206DC1A}.Release|Any CPU.Build.0 = Release|Any CPU
		{C50DE261-C20A-4A1F-819A-B1BA7206DC1A}.Release|x64.ActiveCfg = Release|Any CPU
		{C50DE261-C20A-4A1F-819A-B1BA7206DC1A}.Release|x64.Build.0 = Release|Any CPU
		{C50DE261-C20A-4A1F-819A-B1BA7206DC1A}.Release|x86.ActiveCfg = Release|Any CPU
		{C50DE261-C20A-4A1F-819A-B1BA7206DC1A}.Release|x86.Build.0 = Release|Any CPU
		{4FC4F59B-A668-446A-B9FE-C7B04007F681}.Debug|Any CPU.ActiveCfg = Debug|Any CPU
		{4FC4F59B-A668-446A-B9FE-C7B04007F681}.Debug|Any CPU.Build.0 = Debug|Any CPU
		{4FC4F59B-A668-446A-B9FE-C7B04007F681}.Debug|x64.ActiveCfg = Debug|Any CPU
		{4FC4F59B-A668-446A-B9FE-C7B04007F681}.Debug|x64.Build.0 = Debug|Any CPU
		{4FC4F59B-A668-446A-B9FE-C7B04007F681}.Debug|x86.ActiveCfg = Debug|Any CPU
		{4FC4F59B-A668-446A-B9FE-C7B04007F681}.Debug|x86.Build.0 = Debug|Any CPU
		{4FC4F59B-A668-446A-B9FE-C7B04007F681}.Release|Any CPU.ActiveCfg = Release|Any CPU
		{4FC4F59B-A668-446A-B9FE-C7B04007F681}.Release|Any CPU.Build.0 = Release|Any CPU
		{4FC4F59B-A668-446A-B9FE-C7B04007F681}.Release|x64.ActiveCfg = Release|Any CPU
		{4FC4F59B-A668-446A-B9FE-C7B04007F681}.Release|x64.Build.0 = Release|Any CPU
		{4FC4F59B-A668-446A-B9FE-C7B04007F681}.Release|x86.ActiveCfg = Release|Any CPU
		{4FC4F59B-A668-446A-B9FE-C7B04007F681}.Release|x86.Build.0 = Release|Any CPU
	EndGlobalSection
	GlobalSection(SolutionProperties) = preSolution
		HideSolutionNode = FALSE
	EndGlobalSection
	GlobalSection(NestedProjects) = preSolution
		{C50DE261-C20A-4A1F-819A-B1BA7206DC1A} = {F098203B-3B5D-4E98-B37C-B8D0F51A66E6}
		{4FC4F59B-A668-446A-B9FE-C7B04007F681} = {79795EEF-BDE5-4094-93F0-F748DC4B512E}
	EndGlobalSection
	GlobalSection(ExtensibilityGlobals) = postSolution
		SolutionGuid = {9F564C07-DF09-454A-B359-8137B3F7A0B5}
	EndGlobalSection
EndGlobal
